github.com/fluhus/biostuff v1.4.0 h1:nYHO0UCzsKN2s+PdniAhKCzDUK+26Id6N5cS1allOoM=
github.com/fluhus/biostuff v1.4.0/go.mod h1:qFHJNVV9ihkV+l+yod74B3+i6Oi7Pjm6ez5gZaglGBg=
github.com/fluhus/gostuff v1.4.0 h1:w4bpzIqjdygH05AsG9pZQKptaRR4O8rBjRq1jZGdqdY=
github.com/fluhus/gostuff v1.4.0/go.mod h1:1Cz1B//olKCaDYnWffagdJj7rlvn8ws9S+psdyX/6qk=
github.com/klauspost/compress v1.18.2 h1:iiPHWW0YrcFgpBYhsA6D1+fqHssJscY/Tm/y2Uqnapk=
github.com/klauspost/compress v1.18.2/go.mod h1:R0h/fSBs8DE4ENlcrlib3PsXS61voFxhIs2DeRhCvJ4=
github.com/spaolacci/murmur3 v1.1.0 h1:7c1g84S4BPRrfL5Xrdp6fOJ206sU9y293DDHaoy0bLI=
github.com/spaolacci/murmur3 v1.1.0/go.mod h1:JwIasOWyU6f++ZhiEuf87xNszmSA2myDM2Kzu9HwQUA=
golang.org/x/exp v0.0.0-20260112195511-716be5621a96 h1:Z/6YuSHTLOHfNFdb8zVZomZr7cqNgTJvA8+Qz75D8gU=
golang.org/x/exp v0.0.0-20260112195511-716be5621a96/go.mod h1:nzimsREAkjBCIEFtHiYkrJyT+2uy9YZJB7H1k68CXZU=
